// !$*UTF8*$!
{
	archiveVersion = 1;
	classes = {
	};
	objectVersion = 48;
	objects = {

/* Begin PBXBuildFile section */
		02B4E435207CD55300699986 /* AppDelegate.swift in Sources */ = {isa = PBXBuildFile; fileRef = 02B4E434207CD55300699986 /* AppDelegate.swift */; };
		02B4E437207CD55300699986 /* ViewController.swift in Sources */ = {isa = PBXBuildFile; fileRef = 02B4E436207CD55300699986 /* ViewController.swift */; };
		02B4E43A207CD55300699986 /* Main.storyboard in Resources */ = {isa = PBXBuildFile; fileRef = 02B4E438207CD55300699986 /* Main.storyboard */; };
		02B4E43C207CD55300699986 /* Assets.xcassets in Resources */ = {isa = PBXBuildFile; fileRef = 02B4E43B207CD55300699986 /* Assets.xcassets */; };
		02B4E43F207CD55300699986 /* LaunchScreen.storyboard in Resources */ = {isa = PBXBuildFile; fileRef = 02B4E43D207CD55300699986 /* LaunchScreen.storyboard */; };
		02B4E44A207CD55300699986 /* HowlRealmTests.swift in Sources */ = {isa = PBXBuildFile; fileRef = 02B4E449207CD55300699986 /* HowlRealmTests.swift */; };
		02B4E455207CD55300699986 /* HowlRealmUITests.swift in Sources */ = {isa = PBXBuildFile; fileRef = 02B4E454207CD55300699986 /* HowlRealmUITests.swift */; };
/* End PBXBuildFile section */

/* Begin PBXContainerItemProxy section */
		02B4E446207CD55300699986 /* PBXContainerItemProxy */ = {
			isa = PBXContainerItemProxy;
			containerPortal = 02B4E429207CD55300699986 /* Project object */;
			proxyType = 1;
			remoteGlobalIDString = 02B4E430207CD55300699986;
			remoteInfo = HowlRealm;
		};
		02B4E451207CD55300699986 /* PBXContainerItemProxy */ = {
			isa = PBXContainerItemProxy;
			containerPortal = 02B4E429207CD55300699986 /* Project object */;
			proxyType = 1;
			remoteGlobalIDString = 02B4E430207CD55300699986;
			remoteInfo = HowlRealm;
		};
/* End PBXContainerItemProxy section */

/* Begin PBXFileReference section */
		02B4E431207CD55300699986 /* HowlRealm.app */ = {isa = PBXFileReference; explicitFileType = wrapper.application; includeInIndex = 0; path = HowlRealm.app; sourceTree = BUILT_PRODUCTS_DIR; };
		02B4E434207CD55300699986 /* AppDelegate.swift */ = {isa = PBXFileReference; lastKnownFileType = sourcecode.swift; path = AppDelegate.swift; sourceTree = "<group>"; };
		02B4E436207CD55300699986 /* ViewController.swift */ = {isa = PBXFileReference; lastKnownFileType = sourcecode.swift; path = ViewController.swift; sourceTree = "<group>"; };
		02B4E439207CD55300699986 /* Base */ = {isa = PBXFileReference; lastKnownFileType = file.storyboard; name = Base; path = Base.lproj/Main.storyboard; sourceTree = "<group>"; };
		02B4E43B207CD55300699986 /* Assets.xcassets */ = {isa = PBXFileReference; lastKnownFileType = folder.assetcatalog; path = Assets.xcassets; sourceTree = "<group>"; };
		02B4E43E207CD55300699986 /* Base */ = {isa = PBXFileReference; lastKnownFileType = file.storyboard; name = Base; path = Base.lproj/LaunchScreen.storyboard; sourceTree = "<group>"; };
		02B4E440207CD55300699986 /* Info.plist */ = {isa = PBXFileReference; lastKnownFileType = text.plist.xml; path = Info.plist; sourceTree = "<group>"; };
		02B4E445207CD55300699986 /* HowlRealmTests.xctest */ = {isa = PBXFileReference; explicitFileType = wrapper.cfbundle; includeInIndex = 0; path = HowlRealmTests.xctest; sourceTree = BUILT_PRODUCTS_DIR; };
		02B4E449207CD55300699986 /* HowlRealmTests.swift */ = {isa = PBXFileReference; lastKnownFileType = sourcecode.swift; path = HowlRealmTests.swift; sourceTree = "<group>"; };
		02B4E44B207CD55300699986 /* Info.plist */ = {isa = PBXFileReference; lastKnownFileType = text.plist.xml; path = Info.plist; sourceTree = "<group>"; };
		02B4E450207CD55300699986 /* HowlRealmUITests.xctest */ = {isa = PBXFileReference; explicitFileType = wrapper.cfbundle; includeInIndex = 0; path = HowlRealmUITests.xctest; sourceTree = BUILT_PRODUCTS_DIR; };
		02B4E454207CD55300699986 /* HowlRealmUITests.swift */ = {isa = PBXFileReference; lastKnownFileType = sourcecode.swift; path = HowlRealmUITests.swift; sourceTree = "<group>"; };
		02B4E456207CD55300699986 /* Info.plist */ = {isa = PBXFileReference; lastKnownFileType = text.plist.xml; path = Info.plist; sourceTree = "<group>"; };
/* End PBXFileReference section */

/* Begin PBXFrameworksBuildPhase section */
		02B4E42E207CD55300699986 /* Frameworks */ = {
			isa = PBXFrameworksBuildPhase;
			buildActionMask = 2147483647;
			files = (
			);
			runOnlyForDeploymentPostprocessing = 0;
		};
		02B4E442207CD55300699986 /* Frameworks */ = {
			isa = PBXFrameworksBuildPhase;
			buildActionMask = 2147483647;
			files = (
			);
			runOnlyForDeploymentPostprocessing = 0;
		};
		02B4E44D207CD55300699986 /* Frameworks */ = {
			isa = PBXFrameworksBuildPhase;
			buildActionMask = 2147483647;
			files = (
			);
			runOnlyForDeploymentPostprocessing = 0;
		};
/* End PBXFrameworksBuildPhase section */

/* Begin PBXGroup section */
		02B4E428207CD55300699986 = {
			isa = PBXGroup;
			children = (
				02B4E433207CD55300699986 /* HowlRealm */,
				02B4E448207CD55300699986 /* HowlRealmTests */,
				02B4E453207CD55300699986 /* HowlRealmUITests */,
				02B4E432207CD55300699986 /* Products */,
			);
			sourceTree = "<group>";
		};
		02B4E432207CD55300699986 /* Products */ = {
			isa = PBXGroup;
			children = (
				02B4E431207CD55300699986 /* HowlRealm.app */,
				02B4E445207CD55300699986 /* HowlRealmTests.xctest */,
				02B4E450207CD55300699986 /* HowlRealmUITests.xctest */,
			);
			name = Products;
			sourceTree = "<group>";
		};
		02B4E433207CD55300699986 /* HowlRealm */ = {
			isa = PBXGroup;
			children = (
				02B4E434207CD55300699986 /* AppDelegate.swift */,
				02B4E436207CD55300699986 /* ViewController.swift */,
				02B4E438207CD55300699986 /* Main.storyboard */,
				02B4E43B207CD55300699986 /* Assets.xcassets */,
				02B4E43D207CD55300699986 /* LaunchScreen.storyboard */,
				02B4E440207CD55300699986 /* Info.plist */,
			);
			path = HowlRealm;
			sourceTree = "<group>";
		};
		02B4E448207CD55300699986 /* HowlRealmTests */ = {
			isa = PBXGroup;
			children = (
				02B4E449207CD55300699986 /* HowlRealmTests.swift */,
				02B4E44B207CD55300699986 /* Info.plist */,
			);
			path = HowlRealmTests;
			sourceTree = "<group>";
		};
		02B4E453207CD55300699986 /* HowlRealmUITests */ = {
			isa = PBXGroup;
			children = (
				02B4E454207CD55300699986 /* HowlRealmUITests.swift */,
				02B4E456207CD55300699986 /* Info.plist */,
			);
			path = HowlRealmUITests;
			sourceTree = "<group>";
		};
/* End PBXGroup section */

/* Begin PBXNativeTarget section */
		02B4E430207CD55300699986 /* HowlRealm */ = {
			isa = PBXNativeTarget;
			buildConfigurationList = 02B4E459207CD55300699986 /* Build configuration list for PBXNativeTarget "HowlRealm" */;
			buildPhases = (
				02B4E42D207CD55300699986 /* Sources */,
				02B4E42E207CD55300699986 /* Frameworks */,
				02B4E42F207CD55300699986 /* Resources */,
			);
			buildRules = (
			);
			dependencies = (
			);
			name = HowlRealm;
			productName = HowlRealm;
			productReference = 02B4E431207CD55300699986 /* HowlRealm.app */;
			productType = "com.apple.product-type.application";
		};
		02B4E444207CD55300699986 /* HowlRealmTests */ = {
			isa = PBXNativeTarget;
			buildConfigurationList = 02B4E45C207CD55300699986 /* Build configuration list for PBXNativeTarget "HowlRealmTests" */;
			buildPhases = (
				02B4E441207CD55300699986 /* Sources */,
				02B4E442207CD55300699986 /* Frameworks */,
				02B4E443207CD55300699986 /* Resources */,
			);
			buildRules = (
			);
			dependencies = (
				02B4E447207CD55300699986 /* PBXTargetDependency */,
			);
			name = HowlRealmTests;
			productName = HowlRealmTests;
			productReference = 02B4E445207CD55300699986 /* HowlRealmTests.xctest */;
			productType = "com.apple.product-type.bundle.unit-test";
		};
		02B4E44F207CD55300699986 /* HowlRealmUITests */ = {
			isa = PBXNativeTarget;
			buildConfigurationList = 02B4E45F207CD55300699986 /* Build configuration list for PBXNativeTarget "HowlRealmUITests" */;
			buildPhases = (
				02B4E44C207CD55300699986 /* Sources */,
				02B4E44D207CD55300699986 /* Frameworks */,
				02B4E44E207CD55300699986 /* Resources */,
			);
			buildRules = (
			);
			dependencies = (
				02B4E452207CD55300699986 /* PBXTargetDependency */,
			);
			name = HowlRealmUITests;
			productName = HowlRealmUITests;
			productReference = 02B4E450207CD55300699986 /* HowlRealmUITests.xctest */;
			productType = "com.apple.product-type.bundle.ui-testing";
		};
/* End PBXNativeTarget section */

/* Begin PBXProject section */
		02B4E429207CD55300699986 /* Project object */ = {
			isa = PBXProject;
			attributes = {
				LastSwiftUpdateCheck = 0920;
				LastUpgradeCheck = 0920;
				ORGANIZATIONNAME = "유명식";
				TargetAttributes = {
					02B4E430207CD55300699986 = {
						CreatedOnToolsVersion = 9.2;
						ProvisioningStyle = Automatic;
					};
					02B4E444207CD55300699986 = {
						CreatedOnToolsVersion = 9.2;
						ProvisioningStyle = Automatic;
						TestTargetID = 02B4E430207CD55300699986;
					};
					02B4E44F207CD55300699986 = {
						CreatedOnToolsVersion = 9.2;
						ProvisioningStyle = Automatic;
						TestTargetID = 02B4E430207CD55300699986;
					};
				};
			};
			buildConfigurationList = 02B4E42C207CD55300699986 /* Build configuration list for PBXProject "HowlRealm" */;
			compatibilityVersion = "Xcode 8.0";
			developmentRegion = en;
			hasScannedForEncodings = 0;
			knownRegions = (
				en,
				Base,
			);
			mainGroup = 02B4E428207CD55300699986;
			productRefGroup = 02B4E432207CD55300699986 /* Products */;
			projectDirPath = "";
			projectRoot = "";
			targets = (
				02B4E430207CD55300699986 /* HowlRealm */,
				02B4E444207CD55300699986 /* HowlRealmTests */,
				02B4E44F207CD55300699986 /* HowlRealmUITests */,
			);
		};
/* End PBXProject section */

/* Begin PBXResourcesBuildPhase section */
		02B4E42F207CD55300699986 /* Resources */ = {
			isa = PBXResourcesBuildPhase;
			buildActionMask = 2147483647;
			files = (
				02B4E43F207CD55300699986 /* LaunchScreen.storyboard in Resources */,
				02B4E43C207CD55300699986 /* Assets.xcassets in Resources */,
				02B4E43A207CD55300699986 /* Main.storyboard in Resources */,
			);
			runOnlyForDeploymentPostprocessing = 0;
		};
		02B4E443207CD55300699986 /* Resources */ = {
			isa = PBXResourcesBuildPhase;
			buildActionMask = 2147483647;
			files = (
			);
			runOnlyForDeploymentPostprocessing = 0;
		};
		02B4E44E207CD55300699986 /* Resources */ = {
			isa = PBXResourcesBuildPhase;
			buildActionMask = 2147483647;
			files = (
			);
			runOnlyForDeploymentPostprocessing = 0;
		};
/* End PBXResourcesBuildPhase section */

/* Begin PBXSourcesBuildPhase section */
		02B4E42D207CD55300699986 /* Sources */ = {
			isa = PBXSourcesBuildPhase;
			buildActionMask = 2147483647;
			files = (
				02B4E437207CD55300699986 /* ViewController.swift in Sources */,
				02B4E435207CD55300699986 /* AppDelegate.swift in Sources */,
			);
			runOnlyForDeploymentPostprocessing = 0;
		};
		02B4E441207CD55300699986 /* Sources */ = {
			isa = PBXSourcesBuildPhase;
			buildActionMask = 2147483647;
			files = (
				02B4E44A207CD55300699986 /* HowlRealmTests.swift in Sources */,
			);
			runOnlyForDeploymentPostprocessing = 0;
		};
		02B4E44C207CD55300699986 /* Sources */ = {
			isa = PBXSourcesBuildPhase;
			buildActionMask = 2147483647;
			files = (
				02B4E455207CD55300699986 /* HowlRealmUITests.swift in Sources */,
			);
			runOnlyForDeploymentPostprocessing = 0;
		};
/* End PBXSourcesBuildPhase section */

/* Begin PBXTargetDependency section */
		02B4E447207CD55300699986 /* PBXTargetDependency */ = {
			isa = PBXTargetDependency;
			target = 02B4E430207CD55300699986 /* HowlRealm */;
			targetProxy = 02B4E446207CD55300699986 /* PBXContainerItemProxy */;
		};
		02B4E452207CD55300699986 /* PBXTargetDependency */ = {
			isa = PBXTargetDependency;
			target = 02B4E430207CD55300699986 /* HowlRealm */;
			targetProxy = 02B4E451207CD55300699986 /* PBXContainerItemProxy */;
		};
/* End PBXTargetDependency section */

/* Begin PBXVariantGroup section */
		02B4E438207CD55300699986 /* Main.storyboard */ = {
			isa = PBXVariantGroup;
			children = (
				02B4E439207CD55300699986 /* Base */,
			);
			name = Main.storyboard;
			sourceTree = "<group>";
		};
		02B4E43D207CD55300699986 /* LaunchScreen.storyboard */ = {
			isa = PBXVariantGroup;
			children = (
				02B4E43E207CD55300699986 /* Base */,
			);
			name = LaunchScreen.storyboard;
			sourceTree = "<group>";
		};
/* End PBXVariantGroup section */

/* Begin XCBuildConfiguration section */
		02B4E457207CD55300699986 /* Debug */ = {
			isa = XCBuildConfiguration;
			buildSettings = {
				ALWAYS_SEARCH_USER_PATHS = NO;
				CLANG_ANALYZER_NONNULL = YES;
				CLANG_ANALYZER_NUMBER_OBJECT_CONVERSION = YES_AGGRESSIVE;
				CLANG_CXX_LANGUAGE_STANDARD = "gnu++14";
				CLANG_CXX_LIBRARY = "libc++";
				CLANG_ENABLE_MODULES = YES;
				CLANG_ENABLE_OBJC_ARC = YES;
				CLANG_WARN_BLOCK_CAPTURE_AUTORELEASING = YES;
				CLANG_WARN_BOOL_CONVERSION = YES;
				CLANG_WARN_COMMA = YES;
				CLANG_WARN_CONSTANT_CONVERSION = YES;
				CLANG_WARN_DIRECT_OBJC_ISA_USAGE = YES_ERROR;
				CLANG_WARN_DOCUMENTATION_COMMENTS = YES;
				CLANG_WARN_EMPTY_BODY = YES;
				CLANG_WARN_ENUM_CONVERSION = YES;
				CLANG_WARN_INFINITE_RECURSION = YES;
				CLANG_WARN_INT_CONVERSION = YES;
				CLANG_WARN_NON_LITERAL_NULL_CONVERSION = YES;
				CLANG_WARN_OBJC_LITERAL_CONVERSION = YES;
				CLANG_WARN_OBJC_ROOT_CLASS = YES_ERROR;
				CLANG_WARN_RANGE_LOOP_ANALYSIS = YES;
				CLANG_WARN_STRICT_PROTOTYPES = YES;
				CLANG_WARN_SUSPICIOUS_MOVE = YES;
				CLANG_WARN_UNGUARDED_AVAILABILITY = YES_AGGRESSIVE;
				CLANG_WARN_UNREACHABLE_CODE = YES;
				CLANG_WARN__DUPLICATE_METHOD_MATCH = YES;
				CODE_SIGN_IDENTITY = "iPhone Developer";
				COPY_PHASE_STRIP = NO;
				DEBUG_INFORMATION_FORMAT = dwarf;
				ENABLE_STRICT_OBJC_MSGSEND = YES;
				ENABLE_TESTABILITY = YES;
				GCC_C_LANGUAGE_STANDARD = gnu11;
				GCC_DYNAMIC_NO_PIC = NO;
				GCC_NO_COMMON_BLOCKS = YES;
				GCC_OPTIMIZATION_LEVEL = 0;
				GCC_PREPROCESSOR_DEFINITIONS = (
					"DEBUG=1",
					"$(inherited)",
				);
				GCC_WARN_64_TO_32_BIT_CONVERSION = YES;
				GCC_WARN_ABOUT_RETURN_TYPE = YES_ERROR;
				GCC_WARN_UNDECLARED_SELECTOR = YES;
				GCC_WARN_UNINITIALIZED_AUTOS = YES_AGGRESSIVE;
				GCC_WARN_UNUSED_FUNCTION = YES;
				GCC_WARN_UNUSED_VARIABLE = YES;
				IPHONEOS_DEPLOYMENT_TARGET = 11.2;
				MTL_ENABLE_DEBUG_INFO = YES;
				ONLY_ACTIVE_ARCH = YES;
				SDKROOT = iphoneos;
				SWIFT_ACTIVE_COMPILATION_CONDITIONS = DEBUG;
				SWIFT_OPTIMIZATION_LEVEL = "-Onone";
			};
			name = Debug;
		};
		02B4E458207CD55300699986 /* Release */ = {
			isa = XCBuildConfiguration;
			buildSettings = {
				ALWAYS_SEARCH_USER_PATHS = NO;
				CLANG_ANALYZER_NONNULL = YES;
				CLANG_ANALYZER_NUMBER_OBJECT_CONVERSION = YES_AGGRESSIVE;
				CLANG_CXX_LANGUAGE_STANDARD = "gnu++14";
				CLANG_CXX_LIBRARY = "libc++";
				CLANG_ENABLE_MODULES = YES;
				CLANG_ENABLE_OBJC_ARC = YES;
				CLANG_WARN_BLOCK_CAPTURE_AUTORELEASING = YES;
				CLANG_WARN_BOOL_CONVERSION = YES;
				CLANG_WARN_COMMA = YES;
				CLANG_WARN_CONSTANT_CONVERSION = YES;
				CLANG_WARN_DIRECT_OBJC_ISA_USAGE = YES_ERROR;
				CLANG_WARN_DOCUMENTATION_COMMENTS = YES;
				CLANG_WARN_EMPTY_BODY = YES;
				CLANG_WARN_ENUM_CONVERSION = YES;
				CLANG_WARN_INFINITE_RECURSION = YES;
				CLANG_WARN_INT_CONVERSION = YES;
				CLANG_WARN_NON_LITERAL_NULL_CONVERSION = YES;
				CLANG_WARN_OBJC_LITERAL_CONVERSION = YES;
				CLANG_WARN_OBJC_ROOT_CLASS = YES_ERROR;
				CLANG_WARN_RANGE_LOOP_ANALYSIS = YES;
				CLANG_WARN_STRICT_PROTOTYPES = YES;
				CLANG_WARN_SUSPICIOUS_MOVE = YES;
				CLANG_WARN_UNGUARDED_AVAILABILITY = YES_AGGRESSIVE;
				CLANG_WARN_UNREACHABLE_CODE = YES;
				CLANG_WARN__DUPLICATE_METHOD_MATCH = YES;
				CODE_SIGN_IDENTITY = "iPhone Developer";
				COPY_PHASE_STRIP = NO;
				DEBUG_INFORMATION_FORMAT = "dwarf-with-dsym";
				ENABLE_NS_ASSERTIONS = NO;
				ENABLE_STRICT_OBJC_MSGSEND = YES;
				GCC_C_LANGUAGE_STANDARD = gnu11;
				GCC_NO_COMMON_BLOCKS = YES;
				GCC_WARN_64_TO_32_BIT_CONVERSION = YES;
				GCC_WARN_ABOUT_RETURN_TYPE = YES_ERROR;
				GCC_WARN_UNDECLARED_SELECTOR = YES;
				GCC_WARN_UNINITIALIZED_AUTOS = YES_AGGRESSIVE;
				GCC_WARN_UNUSED_FUNCTION = YES;
				GCC_WARN_UNUSED_VARIABLE = YES;
				IPHONEOS_DEPLOYMENT_TARGET = 11.2;
				MTL_ENABLE_DEBUG_INFO = NO;
				SDKROOT = iphoneos;
				SWIFT_OPTIMIZATION_LEVEL = "-Owholemodule";
				VALIDATE_PRODUCT = YES;
			};
			name = Release;
		};
		02B4E45A207CD55300699986 /* Debug */ = {
			isa = XCBuildConfiguration;
			buildSettings = {
				ASSETCATALOG_COMPILER_APPICON_NAME = AppIcon;
				CODE_SIGN_STYLE = Automatic;
				INFOPLIST_FILE = HowlRealm/Info.plist;
				LD_RUNPATH_SEARCH_PATHS = "$(inherited) @executable_path/Frameworks";
				PRODUCT_BUNDLE_IDENTIFIER = com.bpplatform.HowlRealm;
				PRODUCT_NAME = "$(TARGET_NAME)";
				SWIFT_VERSION = 4.0;
				TARGETED_DEVICE_FAMILY = "1,2";
			};
			name = Debug;
		};
		02B4E45B207CD55300699986 /* Release */ = {
			isa = XCBuildConfiguration;
			buildSettings = {
				ASSETCATALOG_COMPILER_APPICON_NAME = AppIcon;
				CODE_SIGN_STYLE = Automatic;
				INFOPLIST_FILE = HowlRealm/Info.plist;
				LD_RUNPATH_SEARCH_PATHS = "$(inherited) @executable_path/Frameworks";
				PRODUCT_BUNDLE_IDENTIFIER = com.bpplatform.HowlRealm;
				PRODUCT_NAME = "$(TARGET_NAME)";
				SWIFT_VERSION = 4.0;
				TARGETED_DEVICE_FAMILY = "1,2";
			};
			name = Release;
		};
		02B4E45D207CD55300699986 /* Debug */ = {
			isa = XCBuildConfiguration;
			buildSettings = {
				ALWAYS_EMBED_SWIFT_STANDARD_LIBRARIES = YES;
				BUNDLE_LOADER = "$(TEST_HOST)";
				CODE_SIGN_STYLE = Automatic;
				INFOPLIST_FILE = HowlRealmTests/Info.plist;
				LD_RUNPATH_SEARCH_PATHS = "$(inherited) @executable_path/Frameworks @loader_path/Frameworks";
				PRODUCT_BUNDLE_IDENTIFIER = com.bpplatform.HowlRealmTests;
				PRODUCT_NAME = "$(TARGET_NAME)";
				SWIFT_VERSION = 4.0;
				TARGETED_DEVICE_FAMILY = "1,2";
				TEST_HOST = "$(BUILT_PRODUCTS_DIR)/HowlRealm.app/HowlRealm";
			};
			name = Debug;
		};
		02B4E45E207CD55300699986 /* Release */ = {
			isa = XCBuildConfiguration;
			buildSettings = {
				ALWAYS_EMBED_SWIFT_STANDARD_LIBRARIES = YES;
				BUNDLE_LOADER = "$(TEST_HOST)";
				CODE_SIGN_STYLE = Automatic;
				INFOPLIST_FILE = HowlRealmTests/Info.plist;
				LD_RUNPATH_SEARCH_PATHS = "$(inherited) @executable_path/Frameworks @loader_path/Frameworks";
				PRODUCT_BUNDLE_IDENTIFIER = com.bpplatform.HowlRealmTests;
				PRODUCT_NAME = "$(TARGET_NAME)";
				SWIFT_VERSION = 4.0;
				TARGETED_DEVICE_FAMILY = "1,2";
				TEST_HOST = "$(BUILT_PRODUCTS_DIR)/HowlRealm.app/HowlRealm";
			};
			name = Release;
		};
		02B4E460207CD55300699986 /* Debug */ = {
			isa = XCBuildConfiguration;
			buildSettings = {
				ALWAYS_EMBED_SWIFT_STANDARD_LIBRARIES = YES;
				CODE_SIGN_STYLE = Automatic;
				INFOPLIST_FILE = HowlRealmUITests/Info.plist;
				LD_RUNPATH_SEARCH_PATHS = "$(inherited) @executable_path/Frameworks @loader_path/Frameworks";
				PRODUCT_BUNDLE_IDENTIFIER = com.bpplatform.HowlRealmUITests;
				PRODUCT_NAME = "$(TARGET_NAME)";
				SWIFT_VERSION = 4.0;
				TARGETED_DEVICE_FAMILY = "1,2";
				TEST_TARGET_NAME = HowlRealm;
			};
			name = Debug;
		};
		02B4E461207CD55300699986 /* Release */ = {
			isa = XCBuildConfiguration;
			buildSettings = {
				ALWAYS_EMBED_SWIFT_STANDARD_LIBRARIES = YES;
				CODE_SIGN_STYLE = Automatic;
				INFOPLIST_FILE = HowlRealmUITests/Info.plist;
				LD_RUNPATH_SEARCH_PATHS = "$(inherited) @executable_path/Frameworks @loader_path/Frameworks";
				PRODUCT_BUNDLE_IDENTIFIER = com.bpplatform.HowlRealmUITests;
				PRODUCT_NAME = "$(TARGET_NAME)";
				SWIFT_VERSION = 4.0;
				TARGETED_DEVICE_FAMILY = "1,2";
				TEST_TARGET_NAME = HowlRealm;
			};
			name = Release;
		};
/* End XCBuildConfiguration section */

/* Begin XCConfigurationList section */
		02B4E42C207CD55300699986 /* Build configuration list for PBXProject "HowlRealm" */ = {
			isa = XCConfigurationList;
			buildConfigurations = (
				02B4E457207CD55300699986 /* Debug */,
				02B4E458207CD55300699986 /* Release */,
			);
			defaultConfigurationIsVisible = 0;
			defaultConfigurationName = Release;
		};
		02B4E459207CD55300699986 /* Build configuration list for PBXNativeTarget "HowlRealm" */ = {
			isa = XCConfigurationList;
			buildConfigurations = (
				02B4E45A207CD55300699986 /* Debug */,
				02B4E45B207CD55300699986 /* Release */,
			);
			defaultConfigurationIsVisible = 0;
			defaultConfigurationName = Release;
		};
		02B4E45C207CD55300699986 /* Build configuration list for PBXNativeTarget "HowlRealmTests" */ = {
			isa = XCConfigurationList;
			buildConfigurations = (
				02B4E45D207CD55300699986 /* Debug */,
				02B4E45E207CD55300699986 /* Release */,
			);
			defaultConfigurationIsVisible = 0;
			defaultConfigurationName = Release;
		};
		02B4E45F207CD55300699986 /* Build configuration list for PBXNativeTarget "HowlRealmUITests" */ = {
			isa = XCConfigurationList;
			buildConfigurations = (
				02B4E460207CD55300699986 /* Debug */,
				02B4E461207CD55300699986 /* Release */,
			);
			defaultConfigurationIsVisible = 0;
			defaultConfigurationName = Release;
		};
/* End XCConfigurationList section */
	};
	rootObject = 02B4E429207CD55300699986 /* Project object */;
}
